
Microsoft Visual Studio Solution File, Format Version 12.00
# Visual Studio Version 17
VisualStudioVersion = 17.10.34916.146
MinimumVisualStudioVersion = 10.0.40219.1
Project("{FAE04EC0-301F-11D3-BF4B-00C04F79EFBC}") = "comp2129_group_project", "comp2129_group_project\comp2129_group_project.csproj", "{69755221-AF7F-4DE4-9EF5-107CCEE0401C}"
EndProject
Global
	GlobalSection(SolutionConfigurationPlatforms) = preSolution
		Debug|Any CPU = Debug|Any CPU
		Release|Any CPU = Release|Any CPU
	EndGlobalSection
	GlobalSection(ProjectConfigurationPlatforms) = postSolution
		{69755221-AF7F-4DE4-9EF5-107CCEE0401C}.Debug|Any CPU.ActiveCfg = Debug|Any CPU
		{69755221-AF7F-4DE4-9EF5-107CCEE0401C}.Debug|Any CPU.Build.0 = Debug|Any CPU
		{69755221-AF7F-4DE4-9EF5-107CCEE0401C}.Release|Any CPU.ActiveCfg = Release|Any CPU
		{69755221-AF7F-4DE4-9EF5-107CCEE0401C}.Release|Any CPU.Build.0 = Release|Any CPU
	EndGlobalSection
	GlobalSection(SolutionProperties) = preSolution
		HideSolutionNode = FALSE
	EndGlobalSection
	GlobalSection(ExtensibilityGlobals) = postSolution
		SolutionGuid = {82533BA8-1D99-45D2-BD01-5E7289204903}
	EndGlobalSection
EndGlobal
